
Microsoft Visual Studio Solution File, Format Version 12.00
# Visual Studio 2013
VisualStudioVersion = 12.0.21005.1
MinimumVisualStudioVersion = 10.0.40219.1
Project("{FAE04EC0-301F-11D3-BF4B-00C04F79EFBC}") = "Cedesistemas.Ejemplos", "Cedesistemas.Ejemplos\Cedesistemas.Ejemplos.csproj", "{212D8904-6C83-4B4D-B391-6FEA7F1A2644}"
EndProject
Project("{2150E333-8FDC-42A3-9474-1A3956D46DE8}") = "Web", "Web", "{0C7D0C78-D801-4AAC-8B8D-E0BECE5E70DE}"
EndProject
Project("{FAE04EC0-301F-11D3-BF4B-00C04F79EFBC}") = "Cedesistemas.WebForms", "Cedesistemas.WebForms\Cedesistemas.WebForms.csproj", "{0135C426-DC44-42D7-AC64-7AA232A75084}"
EndProject
Project("{FAE04EC0-301F-11D3-BF4B-00C04F79EFBC}") = "Cedesistemas.Web", "Cedesistemas.Web\Cedesistemas.Web.csproj", "{3874866B-37C0-48C3-9F0C-DDC10B4CC11D}"
EndProject
Project("{2150E333-8FDC-42A3-9474-1A3956D46DE8}") = "Model", "Model", "{BB89897B-339A-4FD5-ABF4-34E397D33B11}"
EndProject
Project("{FAE04EC0-301F-11D3-BF4B-00C04F79EFBC}") = "Cedesistemas.Model", "Cedesistemas.Model\Cedesistemas.Model.csproj", "{ACB06FDA-4CB3-4050-AC1A-C481C003998E}"
EndProject
Project("{2150E333-8FDC-42A3-9474-1A3956D46DE8}") = "Service", "Service", "{3A6EBBAA-6DFC-40EA-84D6-80C4F89A58C7}"
EndProject
Project("{FAE04EC0-301F-11D3-BF4B-00C04F79EFBC}") = "Cedesistemas.Service", "Cedesistemas.Service\Cedesistemas.Service.csproj", "{4063FDC1-BC9B-4364-883A-CECF97B8739E}"
EndProject
Project("{FAE04EC0-301F-11D3-BF4B-00C04F79EFBC}") = "Cedesisemas.Entities", "Cedesisemas.Entities\Cedesisemas.Entities.csproj", "{2CA485A9-3ABA-4513-A80C-F69B79595E92}"
EndProject
Global
	GlobalSection(SolutionConfigurationPlatforms) = preSolution
		Debug|Any CPU = Debug|Any CPU
		Release|Any CPU = Release|Any CPU
	EndGlobalSection
	GlobalSection(ProjectConfigurationPlatforms) = postSolution
		{212D8904-6C83-4B4D-B391-6FEA7F1A2644}.Debug|Any CPU.ActiveCfg = Debug|Any CPU
		{212D8904-6C83-4B4D-B391-6FEA7F1A2644}.Debug|Any CPU.Build.0 = Debug|Any CPU
		{212D8904-6C83-4B4D-B391-6FEA7F1A2644}.Release|Any CPU.ActiveCfg = Release|Any CPU
		{212D8904-6C83-4B4D-B391-6FEA7F1A2644}.Release|Any CPU.Build.0 = Release|Any CPU
		{0135C426-DC44-42D7-AC64-7AA232A75084}.Debug|Any CPU.ActiveCfg = Debug|Any CPU
		{0135C426-DC44-42D7-AC64-7AA232A75084}.Debug|Any CPU.Build.0 = Debug|Any CPU
		{0135C426-DC44-42D7-AC64-7AA232A75084}.Release|Any CPU.ActiveCfg = Release|Any CPU
		{0135C426-DC44-42D7-AC64-7AA232A75084}.Release|Any CPU.Build.0 = Release|Any CPU
		{3874866B-37C0-48C3-9F0C-DDC10B4CC11D}.Debug|Any CPU.ActiveCfg = Debug|Any CPU
		{3874866B-37C0-48C3-9F0C-DDC10B4CC11D}.Debug|Any CPU.Build.0 = Debug|Any CPU
		{3874866B-37C0-48C3-9F0C-DDC10B4CC11D}.Release|Any CPU.ActiveCfg = Release|Any CPU
		{3874866B-37C0-48C3-9F0C-DDC10B4CC11D}.Release|Any CPU.Build.0 = Release|Any CPU
		{ACB06FDA-4CB3-4050-AC1A-C481C003998E}.Debug|Any CPU.ActiveCfg = Debug|Any CPU
		{ACB06FDA-4CB3-4050-AC1A-C481C003998E}.Debug|Any CPU.Build.0 = Debug|Any CPU
		{ACB06FDA-4CB3-4050-AC1A-C481C003998E}.Release|Any CPU.ActiveCfg = Release|Any CPU
		{ACB06FDA-4CB3-4050-AC1A-C481C003998E}.Release|Any CPU.Build.0 = Release|Any CPU
		{4063FDC1-BC9B-4364-883A-CECF97B8739E}.Debug|Any CPU.ActiveCfg = Debug|Any CPU
		{4063FDC1-BC9B-4364-883A-CECF97B8739E}.Debug|Any CPU.Build.0 = Debug|Any CPU
		{4063FDC1-BC9B-4364-883A-CECF97B8739E}.Release|Any CPU.ActiveCfg = Release|Any CPU
		{4063FDC1-BC9B-4364-883A-CECF97B8739E}.Release|Any CPU.Build.0 = Release|Any CPU
		{2CA485A9-3ABA-4513-A80C-F69B79595E92}.Debug|Any CPU.ActiveCfg = Debug|Any CPU
		{2CA485A9-3ABA-4513-A80C-F69B79595E92}.Debug|Any CPU.Build.0 = Debug|Any CPU
		{2CA485A9-3ABA-4513-A80C-F69B79595E92}.Release|Any CPU.ActiveCfg = Release|Any CPU
		{2CA485A9-3ABA-4513-A80C-F69B79595E92}.Release|Any CPU.Build.0 = Release|Any CPU
	EndGlobalSection
	GlobalSection(SolutionProperties) = preSolution
		HideSolutionNode = FALSE
	EndGlobalSection
	GlobalSection(NestedProjects) = preSolution
		{0135C426-DC44-42D7-AC64-7AA232A75084} = {0C7D0C78-D801-4AAC-8B8D-E0BECE5E70DE}
		{3874866B-37C0-48C3-9F0C-DDC10B4CC11D} = {0C7D0C78-D801-4AAC-8B8D-E0BECE5E70DE}
		{ACB06FDA-4CB3-4050-AC1A-C481C003998E} = {BB89897B-339A-4FD5-ABF4-34E397D33B11}
		{2CA485A9-3ABA-4513-A80C-F69B79595E92} = {BB89897B-339A-4FD5-ABF4-34E397D33B11}
		{4063FDC1-BC9B-4364-883A-CECF97B8739E} = {3A6EBBAA-6DFC-40EA-84D6-80C4F89A58C7}
	EndGlobalSection
EndGlobal
